
Microsoft Visual Studio Solution File, Format Version 11.00
# Visual Studio 2010
Project("{FAE04EC0-301F-11D3-BF4B-00C04F79EFBC}") = "BayesClassifier", "BayesClassifier\BayesClassifier.csproj", "{D71B1121-5DA9-49D1-B1EE-E75A1A01ABD2}"
EndProject
Project("{FAE04EC0-301F-11D3-BF4B-00C04F79EFBC}") = "WSD", "WSD\WSD.csproj", "{97ED6983-3BFA-41BA-93EB-E9057E0806BD}"
EndProject
Project("{FAE04EC0-301F-11D3-BF4B-00C04F79EFBC}") = "XmlToArffConverter", "XmlToArffConverter\XmlToArffConverter.csproj", "{E8A0C812-5FBE-4677-AC55-D1DDB683C852}"
EndProject
Global
	GlobalSection(SolutionConfigurationPlatforms) = preSolution
		Debug|Any CPU = Debug|Any CPU
		Debug|Mixed Platforms = Debug|Mixed Platforms
		Debug|x86 = Debug|x86
		Release|Any CPU = Release|Any CPU
		Release|Mixed Platforms = Release|Mixed Platforms
		Release|x86 = Release|x86
	EndGlobalSection
	GlobalSection(ProjectConfigurationPlatforms) = postSolution
		{D71B1121-5DA9-49D1-B1EE-E75A1A01ABD2}.Debug|Any CPU.ActiveCfg = Debug|x86
		{D71B1121-5DA9-49D1-B1EE-E75A1A01ABD2}.Debug|Mixed Platforms.ActiveCfg = Debug|x86
		{D71B1121-5DA9-49D1-B1EE-E75A1A01ABD2}.Debug|Mixed Platforms.Build.0 = Debug|x86
		{D71B1121-5DA9-49D1-B1EE-E75A1A01ABD2}.Debug|x86.ActiveCfg = Debug|x86
		{D71B1121-5DA9-49D1-B1EE-E75A1A01ABD2}.Debug|x86.Build.0 = Debug|x86
		{D71B1121-5DA9-49D1-B1EE-E75A1A01ABD2}.Release|Any CPU.ActiveCfg = Release|x86
		{D71B1121-5DA9-49D1-B1EE-E75A1A01ABD2}.Release|Mixed Platforms.ActiveCfg = Release|x86
		{D71B1121-5DA9-49D1-B1EE-E75A1A01ABD2}.Release|Mixed Platforms.Build.0 = Release|x86
		{D71B1121-5DA9-49D1-B1EE-E75A1A01ABD2}.Release|x86.ActiveCfg = Release|x86
		{D71B1121-5DA9-49D1-B1EE-E75A1A01ABD2}.Release|x86.Build.0 = Release|x86
		{97ED6983-3BFA-41BA-93EB-E9057E0806BD}.Debug|Any CPU.ActiveCfg = Debug|Any CPU
		{97ED6983-3BFA-41BA-93EB-E9057E0806BD}.Debug|Any CPU.Build.0 = Debug|Any CPU
		{97ED6983-3BFA-41BA-93EB-E9057E0806BD}.Debug|Mixed Platforms.ActiveCfg = Debug|Any CPU
		{97ED6983-3BFA-41BA-93EB-E9057E0806BD}.Debug|Mixed Platforms.Build.0 = Debug|Any CPU
		{97ED6983-3BFA-41BA-93EB-E9057E0806BD}.Debug|x86.ActiveCfg = Debug|Any CPU
		{97ED6983-3BFA-41BA-93EB-E9057E0806BD}.Release|Any CPU.ActiveCfg = Release|Any CPU
		{97ED6983-3BFA-41BA-93EB-E9057E0806BD}.Release|Any CPU.Build.0 = Release|Any CPU
		{97ED6983-3BFA-41BA-93EB-E9057E0806BD}.Release|Mixed Platforms.ActiveCfg = Release|Any CPU
		{97ED6983-3BFA-41BA-93EB-E9057E0806BD}.Release|Mixed Platforms.Build.0 = Release|Any CPU
		{97ED6983-3BFA-41BA-93EB-E9057E0806BD}.Release|x86.ActiveCfg = Release|Any CPU
		{E8A0C812-5FBE-4677-AC55-D1DDB683C852}.Debug|Any CPU.ActiveCfg = Debug|x86
		{E8A0C812-5FBE-4677-AC55-D1DDB683C852}.Debug|Mixed Platforms.ActiveCfg = Debug|x86
		{E8A0C812-5FBE-4677-AC55-D1DDB683C852}.Debug|Mixed Platforms.Build.0 = Debug|x86
		{E8A0C812-5FBE-4677-AC55-D1DDB683C852}.Debug|x86.ActiveCfg = Debug|x86
		{E8A0C812-5FBE-4677-AC55-D1DDB683C852}.Debug|x86.Build.0 = Debug|x86
		{E8A0C812-5FBE-4677-AC55-D1DDB683C852}.Release|Any CPU.ActiveCfg = Release|x86
		{E8A0C812-5FBE-4677-AC55-D1DDB683C852}.Release|Mixed Platforms.ActiveCfg = Release|x86
		{E8A0C812-5FBE-4677-AC55-D1DDB683C852}.Release|Mixed Platforms.Build.0 = Release|x86
		{E8A0C812-5FBE-4677-AC55-D1DDB683C852}.Release|x86.ActiveCfg = Release|x86
		{E8A0C812-5FBE-4677-AC55-D1DDB683C852}.Release|x86.Build.0 = Release|x86
	EndGlobalSection
	GlobalSection(SolutionProperties) = preSolution
		HideSolutionNode = FALSE
	EndGlobalSection
EndGlobal
